
Microsoft Visual Studio Solution File, Format Version 12.00
# Visual Studio Version 17
VisualStudioVersion = 17.0.31903.59
MinimumVisualStudioVersion = 10.0.40219.1
Project("{2150E333-8FDC-42A3-9474-1A3956D46DE8}") = "src", "src", "{EE0BA16E-EB6B-431E-882E-075BF950520B}"
EndProject
Project("{2150E333-8FDC-42A3-9474-1A3956D46DE8}") = "presentation", "presentation", "{9497FC10-8511-4984-A620-DB7A20070FBD}"
EndProject
Project("{9A19103F-16F7-4668-BE54-9A1E7A4F7556}") = "PIMS.Web", "src\presentation\PIMS.Web\PIMS.Web.csproj", "{6903A58C-EC0C-4E51-BC63-3A9586DC1E0D}"
EndProject
Project("{2150E333-8FDC-42A3-9474-1A3956D46DE8}") = "core", "core", "{74258F2A-A207-42CF-9980-B47D643430D3}"
EndProject
Project("{9A19103F-16F7-4668-BE54-9A1E7A4F7556}") = "PIMS.Application", "src\core\PIMS.Application\PIMS.Application.csproj", "{1B5EB1AE-726C-4607-864A-0927597F097A}"
EndProject
Project("{9A19103F-16F7-4668-BE54-9A1E7A4F7556}") = "PIMS.Domain", "src\core\PIMS.Domain\PIMS.Domain.csproj", "{2FAFAE54-DE04-49B2-B264-A6BBF47BB6BD}"
EndProject
Project("{2150E333-8FDC-42A3-9474-1A3956D46DE8}") = "infrastructure", "infrastructure", "{B1D689EA-7AFA-47B8-A395-1E31BF60F3F6}"
EndProject
Project("{9A19103F-16F7-4668-BE54-9A1E7A4F7556}") = "PIMS.Infrastructure", "src\infrastructure\PIMS.Infrastructure\PIMS.Infrastructure.csproj", "{530912C5-2234-4A25-8C45-7CADE7D573C9}"
EndProject
Project("{9A19103F-16F7-4668-BE54-9A1E7A4F7556}") = "PIMS.Contracts", "src\presentation\PIMS.Contracts\PIMS.Contracts.csproj", "{E058629A-0CF4-465A-8DF7-B4DD6D9B45EF}"
EndProject
Project("{2150E333-8FDC-42A3-9474-1A3956D46DE8}") = "databaseMigrations", "databaseMigrations", "{8D735A9B-7302-4A5E-AD44-99409B6123AA}"
EndProject
Project("{9A19103F-16F7-4668-BE54-9A1E7A4F7556}") = "PIMS.Migrations.MSQL", "src\infrastructure\databaseMigrations\PIMS.Migrations.MSQL\PIMS.Migrations.MSQL.csproj", "{A3520F5D-6950-4EBF-891F-CCACBCAFBE47}"
EndProject
Project("{2150E333-8FDC-42A3-9474-1A3956D46DE8}") = "tests", "tests", "{B88EFF48-5512-466E-9B2A-4C01EFCAD6F5}"
EndProject
Project("{2150E333-8FDC-42A3-9474-1A3956D46DE8}") = "unitTests", "unitTests", "{EC4B1FD9-B39E-4A52-B33C-437319AC406A}"
EndProject
Project("{2150E333-8FDC-42A3-9474-1A3956D46DE8}") = "PIMS.Application.UnitTests", "PIMS.Application.UnitTests", "{A39783C7-5FD9-49EE-B07E-25572EDD2932}"
EndProject
Project("{2150E333-8FDC-42A3-9474-1A3956D46DE8}") = "PIMS.Domain.UnitTests", "PIMS.Domain.UnitTests", "{C0ACBC7A-94E8-4B45-A7B2-C88014D1602A}"
EndProject
Project("{9A19103F-16F7-4668-BE54-9A1E7A4F7556}") = "PIMS.Application.UnitTests", "tests\UnitTests\PIMS.Application.UnitTests\PIMS.Application.UnitTests.csproj", "{30294BC0-8A5E-43FB-9FD5-A664308FE482}"
EndProject
Project("{9A19103F-16F7-4668-BE54-9A1E7A4F7556}") = "PIMS.Domain.UnitTests", "tests\UnitTests\PIMS.Domain.UnitTests\PIMS.Domain.UnitTests.csproj", "{3359B754-5305-431F-8863-CD9CC6AA7032}"
EndProject
Project("{2150E333-8FDC-42A3-9474-1A3956D46DE8}") = "PIMS.Infrastracture.UnitTests", "PIMS.Infrastracture.UnitTests", "{76EAC536-AF4F-406C-AD51-D9031C2F6659}"
	ProjectSection(SolutionItems) = preProject
		tests\UnitTests\PIMS.Application.UnitTests\TestUtils\Constants\Constants.User.cs = tests\UnitTests\PIMS.Application.UnitTests\TestUtils\Constants\Constants.User.cs
	EndProjectSection
EndProject
Project("{9A19103F-16F7-4668-BE54-9A1E7A4F7556}") = "PIMS.Infrastracture.UnitTests", "tests\UnitTests\PIMS.Infrastracture.UnitTests\PIMS.Infrastracture.UnitTests.csproj", "{2FEBD466-D5A1-4F0B-AD28-117E71D36D28}"
EndProject
Project("{2150E333-8FDC-42A3-9474-1A3956D46DE8}") = "PIMS.Api.UnitTests", "PIMS.Api.UnitTests", "{8F5175F5-9383-4BF0-B3F8-E76FE89D8C06}"
EndProject
Project("{9A19103F-16F7-4668-BE54-9A1E7A4F7556}") = "PIMS.Api.UnitTests", "tests\UnitTests\PIMS.Api.UnitTests\PIMS.Api.UnitTests.csproj", "{9A491ED6-D656-4376-B7A3-F511AB648A87}"
EndProject
Project("{2150E333-8FDC-42A3-9474-1A3956D46DE8}") = "documentation", "documentation", "{F2528EDC-A70C-4829-8BEC-F4550D016916}"
EndProject
Project("{9A19103F-16F7-4668-BE54-9A1E7A4F7556}") = "DocumentationDocFX", "documentation\DocumentationDocFX\DocumentationDocFX.csproj", "{32977EA3-21F6-4823-9E69-A53DB5F62F2A}"
EndProject
Project("{9A19103F-16F7-4668-BE54-9A1E7A4F7556}") = "PIMS.LoggerExtenstions", "src\core\PIMS.Logger\PIMS.LoggerExtenstions.csproj", "{F528E981-ED3F-4128-A150-0E25312FB570}"
EndProject
Project("{9A19103F-16F7-4668-BE54-9A1E7A4F7556}") = "PIMS.Common", "src\core\PIMS.Common\PIMS.Common.csproj", "{B3A3DF81-0288-441D-A979-4FFE1B3F788E}"
EndProject
Project("{2150E333-8FDC-42A3-9474-1A3956D46DE8}") = "integrationTests", "integrationTests", "{4731863B-96A9-467C-94EB-33D48163F014}"
EndProject
Project("{2150E333-8FDC-42A3-9474-1A3956D46DE8}") = "PIMS.Application.IntegrationTests", "PIMS.Application.IntegrationTests", "{67DF92C4-35A9-41A8-A33D-7C7396ED4AF6}"
EndProject
Project("{9A19103F-16F7-4668-BE54-9A1E7A4F7556}") = "PIMS.Application.IntegrationTests", "tests\IntegrationTests\PIMS.Application.IntegrationTests\PIMS.Application.IntegrationTests\PIMS.Application.IntegrationTests.csproj", "{D7FBCACF-CA5A-49DB-A17C-0C7EE6DB1F89}"
EndProject
Global
	GlobalSection(SolutionConfigurationPlatforms) = preSolution
		Debug|Any CPU = Debug|Any CPU
		Release|Any CPU = Release|Any CPU
	EndGlobalSection
	GlobalSection(ProjectConfigurationPlatforms) = postSolution
		{6903A58C-EC0C-4E51-BC63-3A9586DC1E0D}.Debug|Any CPU.ActiveCfg = Debug|Any CPU
		{6903A58C-EC0C-4E51-BC63-3A9586DC1E0D}.Debug|Any CPU.Build.0 = Debug|Any CPU
		{6903A58C-EC0C-4E51-BC63-3A9586DC1E0D}.Release|Any CPU.ActiveCfg = Release|Any CPU
		{6903A58C-EC0C-4E51-BC63-3A9586DC1E0D}.Release|Any CPU.Build.0 = Release|Any CPU
		{1B5EB1AE-726C-4607-864A-0927597F097A}.Debug|Any CPU.ActiveCfg = Debug|Any CPU
		{1B5EB1AE-726C-4607-864A-0927597F097A}.Debug|Any CPU.Build.0 = Debug|Any CPU
		{1B5EB1AE-726C-4607-864A-0927597F097A}.Release|Any CPU.ActiveCfg = Release|Any CPU
		{1B5EB1AE-726C-4607-864A-0927597F097A}.Release|Any CPU.Build.0 = Release|Any CPU
		{2FAFAE54-DE04-49B2-B264-A6BBF47BB6BD}.Debug|Any CPU.ActiveCfg = Debug|Any CPU
		{2FAFAE54-DE04-49B2-B264-A6BBF47BB6BD}.Debug|Any CPU.Build.0 = Debug|Any CPU
		{2FAFAE54-DE04-49B2-B264-A6BBF47BB6BD}.Release|Any CPU.ActiveCfg = Release|Any CPU
		{2FAFAE54-DE04-49B2-B264-A6BBF47BB6BD}.Release|Any CPU.Build.0 = Release|Any CPU
		{530912C5-2234-4A25-8C45-7CADE7D573C9}.Debug|Any CPU.ActiveCfg = Debug|Any CPU
		{530912C5-2234-4A25-8C45-7CADE7D573C9}.Debug|Any CPU.Build.0 = Debug|Any CPU
		{530912C5-2234-4A25-8C45-7CADE7D573C9}.Release|Any CPU.ActiveCfg = Release|Any CPU
		{530912C5-2234-4A25-8C45-7CADE7D573C9}.Release|Any CPU.Build.0 = Release|Any CPU
		{E058629A-0CF4-465A-8DF7-B4DD6D9B45EF}.Debug|Any CPU.ActiveCfg = Debug|Any CPU
		{E058629A-0CF4-465A-8DF7-B4DD6D9B45EF}.Debug|Any CPU.Build.0 = Debug|Any CPU
		{E058629A-0CF4-465A-8DF7-B4DD6D9B45EF}.Release|Any CPU.ActiveCfg = Release|Any CPU
		{E058629A-0CF4-465A-8DF7-B4DD6D9B45EF}.Release|Any CPU.Build.0 = Release|Any CPU
		{A3520F5D-6950-4EBF-891F-CCACBCAFBE47}.Debug|Any CPU.ActiveCfg = Debug|Any CPU
		{A3520F5D-6950-4EBF-891F-CCACBCAFBE47}.Debug|Any CPU.Build.0 = Debug|Any CPU
		{A3520F5D-6950-4EBF-891F-CCACBCAFBE47}.Release|Any CPU.ActiveCfg = Release|Any CPU
		{A3520F5D-6950-4EBF-891F-CCACBCAFBE47}.Release|Any CPU.Build.0 = Release|Any CPU
		{30294BC0-8A5E-43FB-9FD5-A664308FE482}.Debug|Any CPU.ActiveCfg = Debug|Any CPU
		{30294BC0-8A5E-43FB-9FD5-A664308FE482}.Debug|Any CPU.Build.0 = Debug|Any CPU
		{30294BC0-8A5E-43FB-9FD5-A664308FE482}.Release|Any CPU.ActiveCfg = Release|Any CPU
		{30294BC0-8A5E-43FB-9FD5-A664308FE482}.Release|Any CPU.Build.0 = Release|Any CPU
		{3359B754-5305-431F-8863-CD9CC6AA7032}.Debug|Any CPU.ActiveCfg = Debug|Any CPU
		{3359B754-5305-431F-8863-CD9CC6AA7032}.Debug|Any CPU.Build.0 = Debug|Any CPU
		{3359B754-5305-431F-8863-CD9CC6AA7032}.Release|Any CPU.ActiveCfg = Release|Any CPU
		{3359B754-5305-431F-8863-CD9CC6AA7032}.Release|Any CPU.Build.0 = Release|Any CPU
		{2FEBD466-D5A1-4F0B-AD28-117E71D36D28}.Debug|Any CPU.ActiveCfg = Debug|Any CPU
		{2FEBD466-D5A1-4F0B-AD28-117E71D36D28}.Debug|Any CPU.Build.0 = Debug|Any CPU
		{2FEBD466-D5A1-4F0B-AD28-117E71D36D28}.Release|Any CPU.ActiveCfg = Release|Any CPU
		{2FEBD466-D5A1-4F0B-AD28-117E71D36D28}.Release|Any CPU.Build.0 = Release|Any CPU
		{9A491ED6-D656-4376-B7A3-F511AB648A87}.Debug|Any CPU.ActiveCfg = Debug|Any CPU
		{9A491ED6-D656-4376-B7A3-F511AB648A87}.Debug|Any CPU.Build.0 = Debug|Any CPU
		{9A491ED6-D656-4376-B7A3-F511AB648A87}.Release|Any CPU.ActiveCfg = Release|Any CPU
		{9A491ED6-D656-4376-B7A3-F511AB648A87}.Release|Any CPU.Build.0 = Release|Any CPU
		{32977EA3-21F6-4823-9E69-A53DB5F62F2A}.Debug|Any CPU.ActiveCfg = Debug|Any CPU
		{32977EA3-21F6-4823-9E69-A53DB5F62F2A}.Release|Any CPU.ActiveCfg = Release|Any CPU
		{32977EA3-21F6-4823-9E69-A53DB5F62F2A}.Release|Any CPU.Build.0 = Release|Any CPU
		{F528E981-ED3F-4128-A150-0E25312FB570}.Debug|Any CPU.ActiveCfg = Debug|Any CPU
		{F528E981-ED3F-4128-A150-0E25312FB570}.Debug|Any CPU.Build.0 = Debug|Any CPU
		{F528E981-ED3F-4128-A150-0E25312FB570}.Release|Any CPU.ActiveCfg = Release|Any CPU
		{F528E981-ED3F-4128-A150-0E25312FB570}.Release|Any CPU.Build.0 = Release|Any CPU
		{B3A3DF81-0288-441D-A979-4FFE1B3F788E}.Debug|Any CPU.ActiveCfg = Debug|Any CPU
		{B3A3DF81-0288-441D-A979-4FFE1B3F788E}.Debug|Any CPU.Build.0 = Debug|Any CPU
		{B3A3DF81-0288-441D-A979-4FFE1B3F788E}.Release|Any CPU.ActiveCfg = Release|Any CPU
		{B3A3DF81-0288-441D-A979-4FFE1B3F788E}.Release|Any CPU.Build.0 = Release|Any CPU
		{D7FBCACF-CA5A-49DB-A17C-0C7EE6DB1F89}.Debug|Any CPU.ActiveCfg = Debug|Any CPU
		{D7FBCACF-CA5A-49DB-A17C-0C7EE6DB1F89}.Debug|Any CPU.Build.0 = Debug|Any CPU
		{D7FBCACF-CA5A-49DB-A17C-0C7EE6DB1F89}.Release|Any CPU.ActiveCfg = Release|Any CPU
		{D7FBCACF-CA5A-49DB-A17C-0C7EE6DB1F89}.Release|Any CPU.Build.0 = Release|Any CPU
	EndGlobalSection
	GlobalSection(SolutionProperties) = preSolution
		HideSolutionNode = FALSE
	EndGlobalSection
	GlobalSection(NestedProjects) = preSolution
		{9497FC10-8511-4984-A620-DB7A20070FBD} = {EE0BA16E-EB6B-431E-882E-075BF950520B}
		{6903A58C-EC0C-4E51-BC63-3A9586DC1E0D} = {9497FC10-8511-4984-A620-DB7A20070FBD}
		{74258F2A-A207-42CF-9980-B47D643430D3} = {EE0BA16E-EB6B-431E-882E-075BF950520B}
		{1B5EB1AE-726C-4607-864A-0927597F097A} = {74258F2A-A207-42CF-9980-B47D643430D3}
		{2FAFAE54-DE04-49B2-B264-A6BBF47BB6BD} = {74258F2A-A207-42CF-9980-B47D643430D3}
		{B1D689EA-7AFA-47B8-A395-1E31BF60F3F6} = {EE0BA16E-EB6B-431E-882E-075BF950520B}
		{530912C5-2234-4A25-8C45-7CADE7D573C9} = {B1D689EA-7AFA-47B8-A395-1E31BF60F3F6}
		{E058629A-0CF4-465A-8DF7-B4DD6D9B45EF} = {9497FC10-8511-4984-A620-DB7A20070FBD}
		{8D735A9B-7302-4A5E-AD44-99409B6123AA} = {B1D689EA-7AFA-47B8-A395-1E31BF60F3F6}
		{A3520F5D-6950-4EBF-891F-CCACBCAFBE47} = {8D735A9B-7302-4A5E-AD44-99409B6123AA}
		{EC4B1FD9-B39E-4A52-B33C-437319AC406A} = {B88EFF48-5512-466E-9B2A-4C01EFCAD6F5}
		{A39783C7-5FD9-49EE-B07E-25572EDD2932} = {EC4B1FD9-B39E-4A52-B33C-437319AC406A}
		{C0ACBC7A-94E8-4B45-A7B2-C88014D1602A} = {EC4B1FD9-B39E-4A52-B33C-437319AC406A}
		{30294BC0-8A5E-43FB-9FD5-A664308FE482} = {A39783C7-5FD9-49EE-B07E-25572EDD2932}
		{3359B754-5305-431F-8863-CD9CC6AA7032} = {C0ACBC7A-94E8-4B45-A7B2-C88014D1602A}
		{76EAC536-AF4F-406C-AD51-D9031C2F6659} = {EC4B1FD9-B39E-4A52-B33C-437319AC406A}
		{2FEBD466-D5A1-4F0B-AD28-117E71D36D28} = {76EAC536-AF4F-406C-AD51-D9031C2F6659}
		{8F5175F5-9383-4BF0-B3F8-E76FE89D8C06} = {EC4B1FD9-B39E-4A52-B33C-437319AC406A}
		{9A491ED6-D656-4376-B7A3-F511AB648A87} = {8F5175F5-9383-4BF0-B3F8-E76FE89D8C06}
		{32977EA3-21F6-4823-9E69-A53DB5F62F2A} = {F2528EDC-A70C-4829-8BEC-F4550D016916}
		{F528E981-ED3F-4128-A150-0E25312FB570} = {74258F2A-A207-42CF-9980-B47D643430D3}
		{B3A3DF81-0288-441D-A979-4FFE1B3F788E} = {74258F2A-A207-42CF-9980-B47D643430D3}
		{4731863B-96A9-467C-94EB-33D48163F014} = {B88EFF48-5512-466E-9B2A-4C01EFCAD6F5}
		{67DF92C4-35A9-41A8-A33D-7C7396ED4AF6} = {4731863B-96A9-467C-94EB-33D48163F014}
		{D7FBCACF-CA5A-49DB-A17C-0C7EE6DB1F89} = {67DF92C4-35A9-41A8-A33D-7C7396ED4AF6}
	EndGlobalSection
	GlobalSection(ExtensibilityGlobals) = postSolution
		SolutionGuid = {A73469E4-4FEC-488D-9949-8085995B2ABD}
	EndGlobalSection
EndGlobal
